
Microsoft Visual Studio Solution File, Format Version 12.00
# Visual Studio Version 16
VisualStudioVersion = 16.0.30711.63
MinimumVisualStudioVersion = 10.0.40219.1
Project("{FAE04EC0-301F-11D3-BF4B-00C04F79EFBC}") = "Polaris", "Polaris.csproj", "{497722E7-92BE-475E-BE81-799927227E17}"
EndProject
Global
	GlobalSection(SolutionConfigurationPlatforms) = preSolution
		Debug|Any CPU = Debug|Any CPU
		Release|Any CPU = Release|Any CPU
	EndGlobalSection
	GlobalSection(ProjectConfigurationPlatforms) = postSolution
		{497722E7-92BE-475E-BE81-799927227E17}.Debug|Any CPU.ActiveCfg = Debug|Any CPU
		{497722E7-92BE-475E-BE81-799927227E17}.Debug|Any CPU.Build.0 = Debug|Any CPU
		{497722E7-92BE-475E-BE81-799927227E17}.Release|Any CPU.ActiveCfg = Release|Any CPU
		{497722E7-92BE-475E-BE81-799927227E17}.Release|Any CPU.Build.0 = Release|Any CPU
	EndGlobalSection
	GlobalSection(SolutionProperties) = preSolution
		HideSolutionNode = FALSE
	EndGlobalSection
	GlobalSection(ExtensibilityGlobals) = postSolution
		SolutionGuid = {988EF22F-1519-498A-B91E-B0A1E9FD2445}
	EndGlobalSection
EndGlobal
